
Microsoft Visual Studio Solution File, Format Version 12.00
# Visual Studio Version 17
VisualStudioVersion = 17.10.35027.167
MinimumVisualStudioVersion = 10.0.40219.1
Project("{FAE04EC0-301F-11D3-BF4B-00C04F79EFBC}") = "GraphGeneratorApp", "GraphGeneratorApp.csproj", "{5D1332C3-8B0A-4E79-A768-D82BE774ACCF}"
EndProject
Global
	GlobalSection(SolutionConfigurationPlatforms) = preSolution
		Debug|Any CPU = Debug|Any CPU
		Release|Any CPU = Release|Any CPU
	EndGlobalSection
	GlobalSection(ProjectConfigurationPlatforms) = postSolution
		{5D1332C3-8B0A-4E79-A768-D82BE774ACCF}.Debug|Any CPU.ActiveCfg = Debug|Any CPU
		{5D1332C3-8B0A-4E79-A768-D82BE774ACCF}.Debug|Any CPU.Build.0 = Debug|Any CPU
		{5D1332C3-8B0A-4E79-A768-D82BE774ACCF}.Debug|Any CPU.Deploy.0 = Debug|Any CPU
		{5D1332C3-8B0A-4E79-A768-D82BE774ACCF}.Release|Any CPU.ActiveCfg = Release|Any CPU
		{5D1332C3-8B0A-4E79-A768-D82BE774ACCF}.Release|Any CPU.Build.0 = Release|Any CPU
		{5D1332C3-8B0A-4E79-A768-D82BE774ACCF}.Release|Any CPU.Deploy.0 = Release|Any CPU
	EndGlobalSection
	GlobalSection(SolutionProperties) = preSolution
		HideSolutionNode = FALSE
	EndGlobalSection
	GlobalSection(ExtensibilityGlobals) = postSolution
		SolutionGuid = {AB7A5AED-948C-4E71-859D-F21EFFEEE277}
	EndGlobalSection
EndGlobal
